
Microsoft Visual Studio Solution File, Format Version 12.00
# Visual Studio Version 16
VisualStudioVersion = 16.0.29905.134
MinimumVisualStudioVersion = 10.0.40219.1
Project("{FAE04EC0-301F-11D3-BF4B-00C04F79EFBC}") = "HomeworkClass05", "HomeworkClass05\HomeworkClass05.csproj", "{A53BB2A2-8671-4A90-80B4-5CAE19791515}"
EndProject
Global
	GlobalSection(SolutionConfigurationPlatforms) = preSolution
		Debug|Any CPU = Debug|Any CPU
		Release|Any CPU = Release|Any CPU
	EndGlobalSection
	GlobalSection(ProjectConfigurationPlatforms) = postSolution
		{A53BB2A2-8671-4A90-80B4-5CAE19791515}.Debug|Any CPU.ActiveCfg = Debug|Any CPU
		{A53BB2A2-8671-4A90-80B4-5CAE19791515}.Debug|Any CPU.Build.0 = Debug|Any CPU
		{A53BB2A2-8671-4A90-80B4-5CAE19791515}.Release|Any CPU.ActiveCfg = Release|Any CPU
		{A53BB2A2-8671-4A90-80B4-5CAE19791515}.Release|Any CPU.Build.0 = Release|Any CPU
	EndGlobalSection
	GlobalSection(SolutionProperties) = preSolution
		HideSolutionNode = FALSE
	EndGlobalSection
	GlobalSection(ExtensibilityGlobals) = postSolution
		SolutionGuid = {50C4AFF1-7E9F-432B-AA34-2DBE248E55AB}
	EndGlobalSection
EndGlobal
